
Microsoft Visual Studio Solution File, Format Version 12.00
# Visual Studio 14
VisualStudioVersion = 14.0.25420.1
MinimumVisualStudioVersion = 10.0.40219.1
Project("{F14B399A-7131-4C87-9E4B-1186C45EF12D}") = "Report Project1", "Report Project1.rptproj", "{A6B341AE-6CF3-4C77-B304-7100D1E2DA18}"
EndProject
Global
	GlobalSection(SolutionConfigurationPlatforms) = preSolution
		Debug|Default = Debug|Default
		DebugLocal|Default = DebugLocal|Default
		Release|Default = Release|Default
	EndGlobalSection
	GlobalSection(ProjectConfigurationPlatforms) = postSolution
		{A6B341AE-6CF3-4C77-B304-7100D1E2DA18}.Debug|Default.ActiveCfg = Debug
		{A6B341AE-6CF3-4C77-B304-7100D1E2DA18}.Debug|Default.Build.0 = Debug
		{A6B341AE-6CF3-4C77-B304-7100D1E2DA18}.Debug|Default.Deploy.0 = Debug
		{A6B341AE-6CF3-4C77-B304-7100D1E2DA18}.DebugLocal|Default.ActiveCfg = DebugLocal
		{A6B341AE-6CF3-4C77-B304-7100D1E2DA18}.DebugLocal|Default.Build.0 = DebugLocal
		{A6B341AE-6CF3-4C77-B304-7100D1E2DA18}.Release|Default.ActiveCfg = Release
		{A6B341AE-6CF3-4C77-B304-7100D1E2DA18}.Release|Default.Build.0 = Release
		{A6B341AE-6CF3-4C77-B304-7100D1E2DA18}.Release|Default.Deploy.0 = Release
	EndGlobalSection
	GlobalSection(SolutionProperties) = preSolution
		HideSolutionNode = FALSE
	EndGlobalSection
EndGlobal
